
Microsoft Visual Studio Solution File, Format Version 12.00
# Visual Studio Version 16
VisualStudioVersion = 16.0.32428.217
MinimumVisualStudioVersion = 10.0.40219.1
Project("{9A19103F-16F7-4668-BE54-9A1E7A4F7556}") = "CalculatorApp", "CalculatorApp\CalculatorApp.csproj", "{D2393B13-BEE6-4240-8330-A049EBB1ECAB}"
EndProject
Project("{9A19103F-16F7-4668-BE54-9A1E7A4F7556}") = "PrimeNumber", "PrimeNumber\PrimeNumber.csproj", "{EA751716-20AE-44FF-AA64-4FEDBD4C143F}"
EndProject
Project("{9A19103F-16F7-4668-BE54-9A1E7A4F7556}") = "PasswordProblem_SoloLearn", "PasswordProblem_SoloLearn\PasswordProblem_SoloLearn.csproj", "{C4BA2E4B-AC4A-44CD-AF9D-B205137BDF4A}"
EndProject
Project("{9A19103F-16F7-4668-BE54-9A1E7A4F7556}") = "WordProblem_SoloLearn", "WordProblem_SoloLearn\WordProblem_SoloLearn.csproj", "{2193F291-3C25-494E-8555-8084A5567C3B}"
EndProject
Project("{9A19103F-16F7-4668-BE54-9A1E7A4F7556}") = "DestructorsPblm_SoloLearn", "DestructorsPblm_SoloLearn\DestructorsPblm_SoloLearn.csproj", "{53F70C43-0491-47BF-9E1D-353C773F86C4}"
EndProject
Project("{9A19103F-16F7-4668-BE54-9A1E7A4F7556}") = "Factorial_Of_A_Number", "Factorial_Of_A_Number\Factorial_Of_A_Number.csproj", "{2273D804-0BFC-433E-874A-412A2038B606}"
EndProject
Project("{9A19103F-16F7-4668-BE54-9A1E7A4F7556}") = "UserType_PassInConstructor_SoloLearnPblm", "UserType_PassInConstructor_SoloLearnPblm\UserType_PassInConstructor_SoloLearnPblm.csproj", "{38939493-4044-4D72-AE13-0243BEC0C056}"
EndProject
Project("{9A19103F-16F7-4668-BE54-9A1E7A4F7556}") = "Sum_of_Digits_of_a _given _Number", "Sum_of_Digits_of_a _given _Number\Sum_of_Digits_of_a _given _Number.csproj", "{DA53328E-0E47-49B2-82FA-4038EF2C0715}"
EndProject
Project("{9A19103F-16F7-4668-BE54-9A1E7A4F7556}") = "ReverseOfAString", "ReverseOfAString\ReverseOfAString.csproj", "{03AFA5CB-EF00-4997-9C26-4164B4DC9FD7}"
EndProject
Project("{9A19103F-16F7-4668-BE54-9A1E7A4F7556}") = "SoloLearn_DictionaryProblem", "SoloLearn_DictionaryProblem\SoloLearn_DictionaryProblem.csproj", "{5B15BD20-8002-49B8-A595-A11314B51041}"
EndProject
Project("{9A19103F-16F7-4668-BE54-9A1E7A4F7556}") = "PalendromNumber", "PalendromNumber\PalendromNumber.csproj", "{86DFD26C-E9DD-458F-81F4-F2C4024E90D8}"
EndProject
Project("{9A19103F-16F7-4668-BE54-9A1E7A4F7556}") = "Fibonacci_Series", "Fibonacci_Series\Fibonacci_Series.csproj", "{827142D3-63A5-4A18-9AF8-A5726116F46C}"
EndProject
Project("{9A19103F-16F7-4668-BE54-9A1E7A4F7556}") = "IsPrimeNumber", "IsPrimeNumber\IsPrimeNumber.csproj", "{32A9C209-8311-4AF7-A509-57BE6E79A285}"
EndProject
Project("{9A19103F-16F7-4668-BE54-9A1E7A4F7556}") = "SumOfTwoPrimeOrNot", "SumOfTwoPrimeOrNot\SumOfTwoPrimeOrNot.csproj", "{6543F73D-DB2D-4ACA-92B1-0F0DC414CE5D}"
EndProject
Project("{9A19103F-16F7-4668-BE54-9A1E7A4F7556}") = "Armstrong_Number", "Armstrong_Number\Armstrong_Number.csproj", "{C5553AEC-A278-4E42-8904-2AFBFBBFC067}"
EndProject
Project("{9A19103F-16F7-4668-BE54-9A1E7A4F7556}") = "BubbleSortAlgorithm", "BubbleSortAlgorithm\BubbleSortAlgorithm.csproj", "{E62A250F-8ABD-4220-9FE9-21567A02AE98}"
EndProject
Project("{9A19103F-16F7-4668-BE54-9A1E7A4F7556}") = "ModernCalculator", "ModernCalculator\ModernCalculator.csproj", "{7B18466E-9217-461F-BF16-75C1CDDADF51}"
EndProject
Project("{FAE04EC0-301F-11D3-BF4B-00C04F79EFBC}") = "Swap", "Swap\Swap.csproj", "{8389AEC7-3DC5-4136-B856-C52BDAD768C6}"
EndProject
Global
	GlobalSection(SolutionConfigurationPlatforms) = preSolution
		Debug|Any CPU = Debug|Any CPU
		Release|Any CPU = Release|Any CPU
	EndGlobalSection
	GlobalSection(ProjectConfigurationPlatforms) = postSolution
		{D2393B13-BEE6-4240-8330-A049EBB1ECAB}.Debug|Any CPU.ActiveCfg = Debug|Any CPU
		{D2393B13-BEE6-4240-8330-A049EBB1ECAB}.Debug|Any CPU.Build.0 = Debug|Any CPU
		{D2393B13-BEE6-4240-8330-A049EBB1ECAB}.Release|Any CPU.ActiveCfg = Release|Any CPU
		{D2393B13-BEE6-4240-8330-A049EBB1ECAB}.Release|Any CPU.Build.0 = Release|Any CPU
		{EA751716-20AE-44FF-AA64-4FEDBD4C143F}.Debug|Any CPU.ActiveCfg = Debug|Any CPU
		{EA751716-20AE-44FF-AA64-4FEDBD4C143F}.Debug|Any CPU.Build.0 = Debug|Any CPU
		{EA751716-20AE-44FF-AA64-4FEDBD4C143F}.Release|Any CPU.ActiveCfg = Release|Any CPU
		{EA751716-20AE-44FF-AA64-4FEDBD4C143F}.Release|Any CPU.Build.0 = Release|Any CPU
		{C4BA2E4B-AC4A-44CD-AF9D-B205137BDF4A}.Debug|Any CPU.ActiveCfg = Debug|Any CPU
		{C4BA2E4B-AC4A-44CD-AF9D-B205137BDF4A}.Debug|Any CPU.Build.0 = Debug|Any CPU
		{C4BA2E4B-AC4A-44CD-AF9D-B205137BDF4A}.Release|Any CPU.ActiveCfg = Release|Any CPU
		{C4BA2E4B-AC4A-44CD-AF9D-B205137BDF4A}.Release|Any CPU.Build.0 = Release|Any CPU
		{2193F291-3C25-494E-8555-8084A5567C3B}.Debug|Any CPU.ActiveCfg = Debug|Any CPU
		{2193F291-3C25-494E-8555-8084A5567C3B}.Debug|Any CPU.Build.0 = Debug|Any CPU
		{2193F291-3C25-494E-8555-8084A5567C3B}.Release|Any CPU.ActiveCfg = Release|Any CPU
		{2193F291-3C25-494E-8555-8084A5567C3B}.Release|Any CPU.Build.0 = Release|Any CPU
		{53F70C43-0491-47BF-9E1D-353C773F86C4}.Debug|Any CPU.ActiveCfg = Debug|Any CPU
		{53F70C43-0491-47BF-9E1D-353C773F86C4}.Debug|Any CPU.Build.0 = Debug|Any CPU
		{53F70C43-0491-47BF-9E1D-353C773F86C4}.Release|Any CPU.ActiveCfg = Release|Any CPU
		{53F70C43-0491-47BF-9E1D-353C773F86C4}.Release|Any CPU.Build.0 = Release|Any CPU
		{2273D804-0BFC-433E-874A-412A2038B606}.Debug|Any CPU.ActiveCfg = Debug|Any CPU
		{2273D804-0BFC-433E-874A-412A2038B606}.Debug|Any CPU.Build.0 = Debug|Any CPU
		{2273D804-0BFC-433E-874A-412A2038B606}.Release|Any CPU.ActiveCfg = Release|Any CPU
		{2273D804-0BFC-433E-874A-412A2038B606}.Release|Any CPU.Build.0 = Release|Any CPU
		{38939493-4044-4D72-AE13-0243BEC0C056}.Debug|Any CPU.ActiveCfg = Debug|Any CPU
		{38939493-4044-4D72-AE13-0243BEC0C056}.Debug|Any CPU.Build.0 = Debug|Any CPU
		{38939493-4044-4D72-AE13-0243BEC0C056}.Release|Any CPU.ActiveCfg = Release|Any CPU
		{38939493-4044-4D72-AE13-0243BEC0C056}.Release|Any CPU.Build.0 = Release|Any CPU
		{DA53328E-0E47-49B2-82FA-4038EF2C0715}.Debug|Any CPU.ActiveCfg = Debug|Any CPU
		{DA53328E-0E47-49B2-82FA-4038EF2C0715}.Debug|Any CPU.Build.0 = Debug|Any CPU
		{DA53328E-0E47-49B2-82FA-4038EF2C0715}.Release|Any CPU.ActiveCfg = Release|Any CPU
		{DA53328E-0E47-49B2-82FA-4038EF2C0715}.Release|Any CPU.Build.0 = Release|Any CPU
		{03AFA5CB-EF00-4997-9C26-4164B4DC9FD7}.Debug|Any CPU.ActiveCfg = Debug|Any CPU
		{03AFA5CB-EF00-4997-9C26-4164B4DC9FD7}.Debug|Any CPU.Build.0 = Debug|Any CPU
		{03AFA5CB-EF00-4997-9C26-4164B4DC9FD7}.Release|Any CPU.ActiveCfg = Release|Any CPU
		{03AFA5CB-EF00-4997-9C26-4164B4DC9FD7}.Release|Any CPU.Build.0 = Release|Any CPU
		{5B15BD20-8002-49B8-A595-A11314B51041}.Debug|Any CPU.ActiveCfg = Debug|Any CPU
		{5B15BD20-8002-49B8-A595-A11314B51041}.Debug|Any CPU.Build.0 = Debug|Any CPU
		{5B15BD20-8002-49B8-A595-A11314B51041}.Release|Any CPU.ActiveCfg = Release|Any CPU
		{5B15BD20-8002-49B8-A595-A11314B51041}.Release|Any CPU.Build.0 = Release|Any CPU
		{86DFD26C-E9DD-458F-81F4-F2C4024E90D8}.Debug|Any CPU.ActiveCfg = Debug|Any CPU
		{86DFD26C-E9DD-458F-81F4-F2C4024E90D8}.Debug|Any CPU.Build.0 = Debug|Any CPU
		{86DFD26C-E9DD-458F-81F4-F2C4024E90D8}.Release|Any CPU.ActiveCfg = Release|Any CPU
		{86DFD26C-E9DD-458F-81F4-F2C4024E90D8}.Release|Any CPU.Build.0 = Release|Any CPU
		{827142D3-63A5-4A18-9AF8-A5726116F46C}.Debug|Any CPU.ActiveCfg = Debug|Any CPU
		{827142D3-63A5-4A18-9AF8-A5726116F46C}.Debug|Any CPU.Build.0 = Debug|Any CPU
		{827142D3-63A5-4A18-9AF8-A5726116F46C}.Release|Any CPU.ActiveCfg = Release|Any CPU
		{827142D3-63A5-4A18-9AF8-A5726116F46C}.Release|Any CPU.Build.0 = Release|Any CPU
		{32A9C209-8311-4AF7-A509-57BE6E79A285}.Debug|Any CPU.ActiveCfg = Debug|Any CPU
		{32A9C209-8311-4AF7-A509-57BE6E79A285}.Debug|Any CPU.Build.0 = Debug|Any CPU
		{32A9C209-8311-4AF7-A509-57BE6E79A285}.Release|Any CPU.ActiveCfg = Release|Any CPU
		{32A9C209-8311-4AF7-A509-57BE6E79A285}.Release|Any CPU.Build.0 = Release|Any CPU
		{6543F73D-DB2D-4ACA-92B1-0F0DC414CE5D}.Debug|Any CPU.ActiveCfg = Debug|Any CPU
		{6543F73D-DB2D-4ACA-92B1-0F0DC414CE5D}.Debug|Any CPU.Build.0 = Debug|Any CPU
		{6543F73D-DB2D-4ACA-92B1-0F0DC414CE5D}.Release|Any CPU.ActiveCfg = Release|Any CPU
		{6543F73D-DB2D-4ACA-92B1-0F0DC414CE5D}.Release|Any CPU.Build.0 = Release|Any CPU
		{C5553AEC-A278-4E42-8904-2AFBFBBFC067}.Debug|Any CPU.ActiveCfg = Debug|Any CPU
		{C5553AEC-A278-4E42-8904-2AFBFBBFC067}.Debug|Any CPU.Build.0 = Debug|Any CPU
		{C5553AEC-A278-4E42-8904-2AFBFBBFC067}.Release|Any CPU.ActiveCfg = Release|Any CPU
		{C5553AEC-A278-4E42-8904-2AFBFBBFC067}.Release|Any CPU.Build.0 = Release|Any CPU
		{E62A250F-8ABD-4220-9FE9-21567A02AE98}.Debug|Any CPU.ActiveCfg = Debug|Any CPU
		{E62A250F-8ABD-4220-9FE9-21567A02AE98}.Debug|Any CPU.Build.0 = Debug|Any CPU
		{E62A250F-8ABD-4220-9FE9-21567A02AE98}.Release|Any CPU.ActiveCfg = Release|Any CPU
		{E62A250F-8ABD-4220-9FE9-21567A02AE98}.Release|Any CPU.Build.0 = Release|Any CPU
		{7B18466E-9217-461F-BF16-75C1CDDADF51}.Debug|Any CPU.ActiveCfg = Debug|Any CPU
		{7B18466E-9217-461F-BF16-75C1CDDADF51}.Debug|Any CPU.Build.0 = Debug|Any CPU
		{7B18466E-9217-461F-BF16-75C1CDDADF51}.Release|Any CPU.ActiveCfg = Release|Any CPU
		{7B18466E-9217-461F-BF16-75C1CDDADF51}.Release|Any CPU.Build.0 = Release|Any CPU
		{8389AEC7-3DC5-4136-B856-C52BDAD768C6}.Debug|Any CPU.ActiveCfg = Debug|Any CPU
		{8389AEC7-3DC5-4136-B856-C52BDAD768C6}.Debug|Any CPU.Build.0 = Debug|Any CPU
		{8389AEC7-3DC5-4136-B856-C52BDAD768C6}.Release|Any CPU.ActiveCfg = Release|Any CPU
		{8389AEC7-3DC5-4136-B856-C52BDAD768C6}.Release|Any CPU.Build.0 = Release|Any CPU
	EndGlobalSection
	GlobalSection(SolutionProperties) = preSolution
		HideSolutionNode = FALSE
	EndGlobalSection
	GlobalSection(ExtensibilityGlobals) = postSolution
		SolutionGuid = {00AB983B-8077-4797-BF27-4179CC9CC396}
	EndGlobalSection
EndGlobal
